
Microsoft Visual Studio Solution File, Format Version 12.00
# Visual Studio 2012
Project("{FAE04EC0-301F-11D3-BF4B-00C04F79EFBC}") = "SplitResponsibilities", "SplitResponsibilities\SplitResponsibilities.csproj", "{EA05FD0D-540D-4A9E-AE99-E08C2A1351EB}"
EndProject
Project("{FAE04EC0-301F-11D3-BF4B-00C04F79EFBC}") = "AddTwoNewFlavors", "AddTwoNewFlavors\AddTwoNewFlavors.csproj", "{22BF2F18-C18A-4AE5-9D85-E9C426C5EA17}"
EndProject
Global
	GlobalSection(SolutionConfigurationPlatforms) = preSolution
		Debug|Any CPU = Debug|Any CPU
		Release|Any CPU = Release|Any CPU
	EndGlobalSection
	GlobalSection(ProjectConfigurationPlatforms) = postSolution
		{EA05FD0D-540D-4A9E-AE99-E08C2A1351EB}.Debug|Any CPU.ActiveCfg = Debug|Any CPU
		{EA05FD0D-540D-4A9E-AE99-E08C2A1351EB}.Debug|Any CPU.Build.0 = Debug|Any CPU
		{EA05FD0D-540D-4A9E-AE99-E08C2A1351EB}.Release|Any CPU.ActiveCfg = Release|Any CPU
		{EA05FD0D-540D-4A9E-AE99-E08C2A1351EB}.Release|Any CPU.Build.0 = Release|Any CPU
		{22BF2F18-C18A-4AE5-9D85-E9C426C5EA17}.Debug|Any CPU.ActiveCfg = Debug|Any CPU
		{22BF2F18-C18A-4AE5-9D85-E9C426C5EA17}.Debug|Any CPU.Build.0 = Debug|Any CPU
		{22BF2F18-C18A-4AE5-9D85-E9C426C5EA17}.Release|Any CPU.ActiveCfg = Release|Any CPU
		{22BF2F18-C18A-4AE5-9D85-E9C426C5EA17}.Release|Any CPU.Build.0 = Release|Any CPU
	EndGlobalSection
	GlobalSection(SolutionProperties) = preSolution
		HideSolutionNode = FALSE
	EndGlobalSection
EndGlobal
